
Microsoft Visual Studio Solution File, Format Version 12.00
# Visual Studio 15
VisualStudioVersion = 15.0.26730.16
MinimumVisualStudioVersion = 10.0.40219.1
Project("{FAE04EC0-301F-11D3-BF4B-00C04F79EFBC}") = "TestTarget", "TestTarget\TestTarget.csproj", "{BB1FFDF0-21DD-4F9D-8847-4A17191197C3}"
EndProject
Global
	GlobalSection(SolutionConfigurationPlatforms) = preSolution
		Debug|Any CPU = Debug|Any CPU
		Release|Any CPU = Release|Any CPU
	EndGlobalSection
	GlobalSection(ProjectConfigurationPlatforms) = postSolution
		{BB1FFDF0-21DD-4F9D-8847-4A17191197C3}.Debug|Any CPU.ActiveCfg = Debug|Any CPU
		{BB1FFDF0-21DD-4F9D-8847-4A17191197C3}.Debug|Any CPU.Build.0 = Debug|Any CPU
		{BB1FFDF0-21DD-4F9D-8847-4A17191197C3}.Release|Any CPU.ActiveCfg = Release|Any CPU
		{BB1FFDF0-21DD-4F9D-8847-4A17191197C3}.Release|Any CPU.Build.0 = Release|Any CPU
	EndGlobalSection
	GlobalSection(SolutionProperties) = preSolution
		HideSolutionNode = FALSE
	EndGlobalSection
	GlobalSection(ExtensibilityGlobals) = postSolution
		SolutionGuid = {64DCE63B-595A-4CFD-B7B6-D4776057A011}
	EndGlobalSection
EndGlobal
